// !$*UTF8*$!
{
	archiveVersion = 1;
	classes = {
	};
	objectVersion = 77;
	objects = {

/* Begin PBXBuildFile section */
		6537DA3F2D218F1C00D6AA47 /* Localizable.xcstrings in Resources */ = {isa = PBXBuildFile; fileRef = 6537DA3E2D218F1C00D6AA47 /* Localizable.xcstrings */; };
/* End PBXBuildFile section */

/* Begin PBXContainerItemProxy section */
		5809F3142D1C17DA00114D73 /* PBXContainerItemProxy */ = {
			isa = PBXContainerItemProxy;
			containerPortal = 5809F2FB2D1C17D900114D73 /* Project object */;
			proxyType = 1;
			remoteGlobalIDString = 5809F3022D1C17D900114D73;
			remoteInfo = AutismAppTeam20Test;
		};
		5809F31E2D1C17DA00114D73 /* PBXContainerItemProxy */ = {
			isa = PBXContainerItemProxy;
			containerPortal = 5809F2FB2D1C17D900114D73 /* Project object */;
			proxyType = 1;
			remoteGlobalIDString = 5809F3022D1C17D900114D73;
			remoteInfo = AutismAppTeam20Test;
		};
/* End PBXContainerItemProxy section */

/* Begin PBXFileReference section */
		5809F3032D1C17D900114D73 /* AutismAppTeam20Test.app */ = {isa = PBXFileReference; explicitFileType = wrapper.application; includeInIndex = 0; path = AutismAppTeam20Test.app; sourceTree = BUILT_PRODUCTS_DIR; };
		5809F3132D1C17DA00114D73 /* AutismAppTeam20TestTests.xctest */ = {isa = PBXFileReference; explicitFileType = wrapper.cfbundle; includeInIndex = 0; path = AutismAppTeam20TestTests.xctest; sourceTree = BUILT_PRODUCTS_DIR; };
		5809F31D2D1C17DA00114D73 /* AutismAppTeam20TestUITests.xctest */ = {isa = PBXFileReference; explicitFileType = wrapper.cfbundle; includeInIndex = 0; path = AutismAppTeam20TestUITests.xctest; sourceTree = BUILT_PRODUCTS_DIR; };
		6537DA3E2D218F1C00D6AA47 /* Localizable.xcstrings */ = {isa = PBXFileReference; lastKnownFileType = text.json.xcstrings; path = Localizable.xcstrings; sourceTree = "<group>"; };
/* End PBXFileReference section */

/* Begin PBXFileSystemSynchronizedBuildFileExceptionSet section */
		6537DA712D22C46000D6AA47 /* Exceptions for "AutismAppTeam20Test" folder in "AutismAppTeam20Test" target */ = {
			isa = PBXFileSystemSynchronizedBuildFileExceptionSet;
			membershipExceptions = (
				Info.plist,
			);
			target = 5809F3022D1C17D900114D73 /* AutismAppTeam20Test */;
		};
/* End PBXFileSystemSynchronizedBuildFileExceptionSet section */

/* Begin PBXFileSystemSynchronizedRootGroup section */
		5809F3052D1C17D900114D73 /* AutismAppTeam20Test */ = {
			isa = PBXFileSystemSynchronizedRootGroup;
			exceptions = (
				6537DA712D22C46000D6AA47 /* Exceptions for "AutismAppTeam20Test" folder in "AutismAppTeam20Test" target */,
			);
			path = AutismAppTeam20Test;
			sourceTree = "<group>";
		};
		5809F3162D1C17DA00114D73 /* AutismAppTeam20TestTests */ = {
			isa = PBXFileSystemSynchronizedRootGroup;
			path = AutismAppTeam20TestTests;
			sourceTree = "<group>";
		};
		5809F3202D1C17DA00114D73 /* AutismAppTeam20TestUITests */ = {
			isa = PBXFileSystemSynchronizedRootGroup;
			path = AutismAppTeam20TestUITests;
			sourceTree = "<group>";
		};
/* End PBXFileSystemSynchronizedRootGroup section */

/* Begin PBXFrameworksBuildPhase section */
		5809F3002D1C17D900114D73 /* Frameworks */ = {
			isa = PBXFrameworksBuildPhase;
			buildActionMask = 2147483647;
			files = (
			);
			runOnlyForDeploymentPostprocessing = 0;
		};
		5809F3102D1C17DA00114D73 /* Frameworks */ = {
			isa = PBXFrameworksBuildPhase;
			buildActionMask = 2147483647;
			files = (
			);
			runOnlyForDeploymentPostprocessing = 0;
		};
		5809F31A2D1C17DA00114D73 /* Frameworks */ = {
			isa = PBXFrameworksBuildPhase;
			buildActionMask = 2147483647;
			files = (
			);
			runOnlyForDeploymentPostprocessing = 0;
		};
/* End PBXFrameworksBuildPhase section */

/* Begin PBXGroup section */
		5809F2FA2D1C17D900114D73 = {
			isa = PBXGroup;
			children = (
				6537DA3E2D218F1C00D6AA47 /* Localizable.xcstrings */,
				5809F3052D1C17D900114D73 /* AutismAppTeam20Test */,
				5809F3162D1C17DA00114D73 /* AutismAppTeam20TestTests */,
				5809F3202D1C17DA00114D73 /* AutismAppTeam20TestUITests */,
				5809F3042D1C17D900114D73 /* Products */,
			);
			sourceTree = "<group>";
		};
		5809F3042D1C17D900114D73 /* Products */ = {
			isa = PBXGroup;
			children = (
				5809F3032D1C17D900114D73 /* AutismAppTeam20Test.app */,
				5809F3132D1C17DA00114D73 /* AutismAppTeam20TestTests.xctest */,
				5809F31D2D1C17DA00114D73 /* AutismAppTeam20TestUITests.xctest */,
			);
			name = Products;
			sourceTree = "<group>";
		};
/* End PBXGroup section */

/* Begin PBXNativeTarget section */
		5809F3022D1C17D900114D73 /* AutismAppTeam20Test */ = {
			isa = PBXNativeTarget;
			buildConfigurationList = 5809F3272D1C17DA00114D73 /* Build configuration list for PBXNativeTarget "AutismAppTeam20Test" */;
			buildPhases = (
				5809F2FF2D1C17D900114D73 /* Sources */,
				5809F3002D1C17D900114D73 /* Frameworks */,
				5809F3012D1C17D900114D73 /* Resources */,
			);
			buildRules = (
			);
			dependencies = (
			);
			fileSystemSynchronizedGroups = (
				5809F3052D1C17D900114D73 /* AutismAppTeam20Test */,
			);
			name = AutismAppTeam20Test;
			packageProductDependencies = (
			);
			productName = AutismAppTeam20Test;
			productReference = 5809F3032D1C17D900114D73 /* AutismAppTeam20Test.app */;
			productType = "com.apple.product-type.application";
		};
		5809F3122D1C17DA00114D73 /* AutismAppTeam20TestTests */ = {
			isa = PBXNativeTarget;
			buildConfigurationList = 5809F32A2D1C17DA00114D73 /* Build configuration list for PBXNativeTarget "AutismAppTeam20TestTests" */;
			buildPhases = (
				5809F30F2D1C17DA00114D73 /* Sources */,
				5809F3102D1C17DA00114D73 /* Frameworks */,
				5809F3112D1C17DA00114D73 /* Resources */,
			);
			buildRules = (
			);
			dependencies = (
				5809F3152D1C17DA00114D73 /* PBXTargetDependency */,
			);
			fileSystemSynchronizedGroups = (
				5809F3162D1C17DA00114D73 /* AutismAppTeam20TestTests */,
			);
			name = AutismAppTeam20TestTests;
			packageProductDependencies = (
			);
			productName = AutismAppTeam20TestTests;
			productReference = 5809F3132D1C17DA00114D73 /* AutismAppTeam20TestTests.xctest */;
			productType = "com.apple.product-type.bundle.unit-test";
		};
		5809F31C2D1C17DA00114D73 /* AutismAppTeam20TestUITests */ = {
			isa = PBXNativeTarget;
			buildConfigurationList = 5809F32D2D1C17DA00114D73 /* Build configuration list for PBXNativeTarget "AutismAppTeam20TestUITests" */;
			buildPhases = (
				5809F3192D1C17DA00114D73 /* Sources */,
				5809F31A2D1C17DA00114D73 /* Frameworks */,
				5809F31B2D1C17DA00114D73 /* Resources */,
			);
			buildRules = (
			);
			dependencies = (
				5809F31F2D1C17DA00114D73 /* PBXTargetDependency */,
			);
			fileSystemSynchronizedGroups = (
				5809F3202D1C17DA00114D73 /* AutismAppTeam20TestUITests */,
			);
			name = AutismAppTeam20TestUITests;
			packageProductDependencies = (
			);
			productName = AutismAppTeam20TestUITests;
			productReference = 5809F31D2D1C17DA00114D73 /* AutismAppTeam20TestUITests.xctest */;
			productType = "com.apple.product-type.bundle.ui-testing";
		};
/* End PBXNativeTarget section */

/* Begin PBXProject section */
		5809F2FB2D1C17D900114D73 /* Project object */ = {
			isa = PBXProject;
			attributes = {
				BuildIndependentTargetsInParallel = 1;
				LastSwiftUpdateCheck = 1620;
				LastUpgradeCheck = 1620;
				TargetAttributes = {
					5809F3022D1C17D900114D73 = {
						CreatedOnToolsVersion = 16.2;
					};
					5809F3122D1C17DA00114D73 = {
						CreatedOnToolsVersion = 16.2;
						TestTargetID = 5809F3022D1C17D900114D73;
					};
					5809F31C2D1C17DA00114D73 = {
						CreatedOnToolsVersion = 16.2;
						TestTargetID = 5809F3022D1C17D900114D73;
					};
				};
			};
			buildConfigurationList = 5809F2FE2D1C17D900114D73 /* Build configuration list for PBXProject "AutismAppTeam20Test" */;
			developmentRegion = en;
			hasScannedForEncodings = 0;
			knownRegions = (
				en,
				Base,
				ar,
			);
			mainGroup = 5809F2FA2D1C17D900114D73;
			minimizedProjectReferenceProxies = 1;
			preferredProjectObjectVersion = 77;
			productRefGroup = 5809F3042D1C17D900114D73 /* Products */;
			projectDirPath = "";
			projectRoot = "";
			targets = (
				5809F3022D1C17D900114D73 /* AutismAppTeam20Test */,
				5809F3122D1C17DA00114D73 /* AutismAppTeam20TestTests */,
				5809F31C2D1C17DA00114D73 /* AutismAppTeam20TestUITests */,
			);
		};
/* End PBXProject section */

/* Begin PBXResourcesBuildPhase section */
		5809F3012D1C17D900114D73 /* Resources */ = {
			isa = PBXResourcesBuildPhase;
			buildActionMask = 2147483647;
			files = (
				6537DA3F2D218F1C00D6AA47 /* Localizable.xcstrings in Resources */,
			);
			runOnlyForDeploymentPostprocessing = 0;
		};
		5809F3112D1C17DA00114D73 /* Resources */ = {
			isa = PBXResourcesBuildPhase;
			buildActionMask = 2147483647;
			files = (
			);
			runOnlyForDeploymentPostprocessing = 0;
		};
		5809F31B2D1C17DA00114D73 /* Resources */ = {
			isa = PBXResourcesBuildPhase;
			buildActionMask = 2147483647;
			files = (
			);
			runOnlyForDeploymentPostprocessing = 0;
		};
/* End PBXResourcesBuildPhase section */

/* Begin PBXSourcesBuildPhase section */
		5809F2FF2D1C17D900114D73 /* Sources */ = {
			isa = PBXSourcesBuildPhase;
			buildActionMask = 2147483647;
			files = (
			);
			runOnlyForDeploymentPostprocessing = 0;
		};
		5809F30F2D1C17DA00114D73 /* Sources */ = {
			isa = PBXSourcesBuildPhase;
			buildActionMask = 2147483647;
			files = (
			);
			runOnlyForDeploymentPostprocessing = 0;
		};
		5809F3192D1C17DA00114D73 /* Sources */ = {
			isa = PBXSourcesBuildPhase;
			buildActionMask = 2147483647;
			files = (
			);
			runOnlyForDeploymentPostprocessing = 0;
		};
/* End PBXSourcesBuildPhase section */

/* Begin PBXTargetDependency section */
		5809F3152D1C17DA00114D73 /* PBXTargetDependency */ = {
			isa = PBXTargetDependency;
			target = 5809F3022D1C17D900114D73 /* AutismAppTeam20Test */;
			targetProxy = 5809F3142D1C17DA00114D73 /* PBXContainerItemProxy */;
		};
		5809F31F2D1C17DA00114D73 /* PBXTargetDependency */ = {
			isa = PBXTargetDependency;
			target = 5809F3022D1C17D900114D73 /* AutismAppTeam20Test */;
			targetProxy = 5809F31E2D1C17DA00114D73 /* PBXContainerItemProxy */;
		};
/* End PBXTargetDependency section */

/* Begin XCBuildConfiguration section */
		5809F3252D1C17DA00114D73 /* Debug */ = {
			isa = XCBuildConfiguration;
			buildSettings = {
				ALWAYS_SEARCH_USER_PATHS = NO;
				ASSETCATALOG_COMPILER_GENERATE_SWIFT_ASSET_SYMBOL_EXTENSIONS = YES;
				CLANG_ANALYZER_NONNULL = YES;
				CLANG_ANALYZER_NUMBER_OBJECT_CONVERSION = YES_AGGRESSIVE;
				CLANG_CXX_LANGUAGE_STANDARD = "gnu++20";
				CLANG_ENABLE_MODULES = YES;
				CLANG_ENABLE_OBJC_ARC = YES;
				CLANG_ENABLE_OBJC_WEAK = YES;
				CLANG_WARN_BLOCK_CAPTURE_AUTORELEASING = YES;
				CLANG_WARN_BOOL_CONVERSION = YES;
				CLANG_WARN_COMMA = YES;
				CLANG_WARN_CONSTANT_CONVERSION = YES;
				CLANG_WARN_DEPRECATED_OBJC_IMPLEMENTATIONS = YES;
				CLANG_WARN_DIRECT_OBJC_ISA_USAGE = YES_ERROR;
				CLANG_WARN_DOCUMENTATION_COMMENTS = YES;
				CLANG_WARN_EMPTY_BODY = YES;
				CLANG_WARN_ENUM_CONVERSION = YES;
				CLANG_WARN_INFINITE_RECURSION = YES;
				CLANG_WARN_INT_CONVERSION = YES;
				CLANG_WARN_NON_LITERAL_NULL_CONVERSION = YES;
				CLANG_WARN_OBJC_IMPLICIT_RETAIN_SELF = YES;
				CLANG_WARN_OBJC_LITERAL_CONVERSION = YES;
				CLANG_WARN_OBJC_ROOT_CLASS = YES_ERROR;
				CLANG_WARN_QUOTED_INCLUDE_IN_FRAMEWORK_HEADER = YES;
				CLANG_WARN_RANGE_LOOP_ANALYSIS = YES;
				CLANG_WARN_STRICT_PROTOTYPES = YES;
				CLANG_WARN_SUSPICIOUS_MOVE = YES;
				CLANG_WARN_UNGUARDED_AVAILABILITY = YES_AGGRESSIVE;
				CLANG_WARN_UNREACHABLE_CODE = YES;
				CLANG_WARN__DUPLICATE_METHOD_MATCH = YES;
				COPY_PHASE_STRIP = NO;
				DEBUG_INFORMATION_FORMAT = dwarf;
				ENABLE_STRICT_OBJC_MSGSEND = YES;
				ENABLE_TESTABILITY = YES;
				ENABLE_USER_SCRIPT_SANDBOXING = YES;
				GCC_C_LANGUAGE_STANDARD = gnu17;
				GCC_DYNAMIC_NO_PIC = NO;
				GCC_NO_COMMON_BLOCKS = YES;
				GCC_OPTIMIZATION_LEVEL = 0;
				GCC_PREPROCESSOR_DEFINITIONS = (
					"DEBUG=1",
					"$(inherited)",
				);
				GCC_WARN_64_TO_32_BIT_CONVERSION = YES;
				GCC_WARN_ABOUT_RETURN_TYPE = YES_ERROR;
				GCC_WARN_UNDECLARED_SELECTOR = YES;
				GCC_WARN_UNINITIALIZED_AUTOS = YES_AGGRESSIVE;
				GCC_WARN_UNUSED_FUNCTION = YES;
				GCC_WARN_UNUSED_VARIABLE = YES;
				IPHONEOS_DEPLOYMENT_TARGET = 18.2;
				LOCALIZATION_PREFERS_STRING_CATALOGS = YES;
				MTL_ENABLE_DEBUG_INFO = INCLUDE_SOURCE;
				MTL_FAST_MATH = YES;
				ONLY_ACTIVE_ARCH = YES;
				SDKROOT = iphoneos;
				SWIFT_ACTIVE_COMPILATION_CONDITIONS = "DEBUG $(inherited)";
				SWIFT_EMIT_LOC_STRINGS = YES;
				SWIFT_OPTIMIZATION_LEVEL = "-Onone";
			};
			name = Debug;
		};
		5809F3262D1C17DA00114D73 /* Release */ = {
			isa = XCBuildConfiguration;
			buildSettings = {
				ALWAYS_SEARCH_USER_PATHS = NO;
				ASSETCATALOG_COMPILER_GENERATE_SWIFT_ASSET_SYMBOL_EXTENSIONS = YES;
				CLANG_ANALYZER_NONNULL = YES;
				CLANG_ANALYZER_NUMBER_OBJECT_CONVERSION = YES_AGGRESSIVE;
				CLANG_CXX_LANGUAGE_STANDARD = "gnu++20";
				CLANG_ENABLE_MODULES = YES;
				CLANG_ENABLE_OBJC_ARC = YES;
				CLANG_ENABLE_OBJC_WEAK = YES;
				CLANG_WARN_BLOCK_CAPTURE_AUTORELEASING = YES;
				CLANG_WARN_BOOL_CONVERSION = YES;
				CLANG_WARN_COMMA = YES;
				CLANG_WARN_CONSTANT_CONVERSION = YES;
				CLANG_WARN_DEPRECATED_OBJC_IMPLEMENTATIONS = YES;
				CLANG_WARN_DIRECT_OBJC_ISA_USAGE = YES_ERROR;
				CLANG_WARN_DOCUMENTATION_COMMENTS = YES;
				CLANG_WARN_EMPTY_BODY = YES;
				CLANG_WARN_ENUM_CONVERSION = YES;
				CLANG_WARN_INFINITE_RECURSION = YES;
				CLANG_WARN_INT_CONVERSION = YES;
				CLANG_WARN_NON_LITERAL_NULL_CONVERSION = YES;
				CLANG_WARN_OBJC_IMPLICIT_RETAIN_SELF = YES;
				CLANG_WARN_OBJC_LITERAL_CONVERSION = YES;
				CLANG_WARN_OBJC_ROOT_CLASS = YES_ERROR;
				CLANG_WARN_QUOTED_INCLUDE_IN_FRAMEWORK_HEADER = YES;
				CLANG_WARN_RANGE_LOOP_ANALYSIS = YES;
				CLANG_WARN_STRICT_PROTOTYPES = YES;
				CLANG_WARN_SUSPICIOUS_MOVE = YES;
				CLANG_WARN_UNGUARDED_AVAILABILITY = YES_AGGRESSIVE;
				CLANG_WARN_UNREACHABLE_CODE = YES;
				CLANG_WARN__DUPLICATE_METHOD_MATCH = YES;
				COPY_PHASE_STRIP = NO;
				DEBUG_INFORMATION_FORMAT = "dwarf-with-dsym";
				ENABLE_NS_ASSERTIONS = NO;
				ENABLE_STRICT_OBJC_MSGSEND = YES;
				ENABLE_USER_SCRIPT_SANDBOXING = YES;
				GCC_C_LANGUAGE_STANDARD = gnu17;
				GCC_NO_COMMON_BLOCKS = YES;
				GCC_WARN_64_TO_32_BIT_CONVERSION = YES;
				GCC_WARN_ABOUT_RETURN_TYPE = YES_ERROR;
				GCC_WARN_UNDECLARED_SELECTOR = YES;
				GCC_WARN_UNINITIALIZED_AUTOS = YES_AGGRESSIVE;
				GCC_WARN_UNUSED_FUNCTION = YES;
				GCC_WARN_UNUSED_VARIABLE = YES;
				IPHONEOS_DEPLOYMENT_TARGET = 18.2;
				LOCALIZATION_PREFERS_STRING_CATALOGS = YES;
				MTL_ENABLE_DEBUG_INFO = NO;
				MTL_FAST_MATH = YES;
				SDKROOT = iphoneos;
				SWIFT_COMPILATION_MODE = wholemodule;
				SWIFT_EMIT_LOC_STRINGS = YES;
				VALIDATE_PRODUCT = YES;
			};
			name = Release;
		};
		5809F3282D1C17DA00114D73 /* Debug */ = {
			isa = XCBuildConfiguration;
			buildSettings = {
				ASSETCATALOG_COMPILER_APPICON_NAME = AppIcon;
				ASSETCATALOG_COMPILER_GLOBAL_ACCENT_COLOR_NAME = AccentColor;
				CODE_SIGN_STYLE = Automatic;
				CURRENT_PROJECT_VERSION = 1;
				DEVELOPMENT_ASSET_PATHS = "\"AutismAppTeam20Test/Preview Content\"";
				DEVELOPMENT_TEAM = B3SPJ78Q6X;
				ENABLE_PREVIEWS = YES;
				GENERATE_INFOPLIST_FILE = YES;
				INFOPLIST_FILE = AutismAppTeam20Test/Info.plist;
				INFOPLIST_KEY_NSCameraUsageDescription = "$(PRODUCT_NAME)نحتاج إلى الوصول إلى الكاميرا لتمكينك من التقاط صور جديدة للملفات الخاصة بك.";
				INFOPLIST_KEY_NSMicrophoneUsageDescription = "نحتاج إلى إذن لاستخدام الميكروفون لتسجيل الصوت";
				INFOPLIST_KEY_UIApplicationSceneManifest_Generation = YES;
				INFOPLIST_KEY_UIApplicationSupportsIndirectInputEvents = YES;
				INFOPLIST_KEY_UILaunchScreen_Generation = YES;
				INFOPLIST_KEY_UISupportedInterfaceOrientations = "UIInterfaceOrientationLandscapeLeft UIInterfaceOrientationLandscapeRight UIInterfaceOrientationPortrait";
				INFOPLIST_KEY_UISupportedInterfaceOrientations_iPad = "UIInterfaceOrientationLandscapeLeft UIInterfaceOrientationLandscapeRight UIInterfaceOrientationPortraitUpsideDown";
				IPHONEOS_DEPLOYMENT_TARGET = 18.0;
				LD_RUNPATH_SEARCH_PATHS = (
					"$(inherited)",
					"@executable_path/Frameworks",
				);
				MARKETING_VERSION = 1.0;
				PRODUCT_BUNDLE_IDENTIFIER = smayah.AutismAppTeam20Test;
				PRODUCT_NAME = "$(TARGET_NAME)";
				SWIFT_EMIT_LOC_STRINGS = YES;
				SWIFT_VERSION = 5.0;
				TARGETED_DEVICE_FAMILY = "1,2";
			};
			name = Debug;
		};
		5809F3292D1C17DA00114D73 /* Release */ = {
			isa = XCBuildConfiguration;
			buildSettings = {
				ASSETCATALOG_COMPILER_APPICON_NAME = AppIcon;
				ASSETCATALOG_COMPILER_GLOBAL_ACCENT_COLOR_NAME = AccentColor;
				CODE_SIGN_STYLE = Automatic;
				CURRENT_PROJECT_VERSION = 1;
				DEVELOPMENT_ASSET_PATHS = "\"AutismAppTeam20Test/Preview Content\"";
				DEVELOPMENT_TEAM = B3SPJ78Q6X;
				ENABLE_PREVIEWS = YES;
				GENERATE_INFOPLIST_FILE = YES;
				INFOPLIST_FILE = AutismAppTeam20Test/Info.plist;
				INFOPLIST_KEY_NSCameraUsageDescription = "$(PRODUCT_NAME)نحتاج إلى الوصول إلى الكاميرا لتمكينك من التقاط صور جديدة للملفات الخاصة بك.";
				INFOPLIST_KEY_NSMicrophoneUsageDescription = "نحتاج إلى إذن لاستخدام الميكروفون لتسجيل الصوت";
				INFOPLIST_KEY_UIApplicationSceneManifest_Generation = YES;
				INFOPLIST_KEY_UIApplicationSupportsIndirectInputEvents = YES;
				INFOPLIST_KEY_UILaunchScreen_Generation = YES;
				INFOPLIST_KEY_UISupportedInterfaceOrientations = "UIInterfaceOrientationLandscapeLeft UIInterfaceOrientationLandscapeRight UIInterfaceOrientationPortrait";
				INFOPLIST_KEY_UISupportedInterfaceOrientations_iPad = "UIInterfaceOrientationLandscapeLeft UIInterfaceOrientationLandscapeRight UIInterfaceOrientationPortraitUpsideDown";
				IPHONEOS_DEPLOYMENT_TARGET = 18.0;
				LD_RUNPATH_SEARCH_PATHS = (
					"$(inherited)",
					"@executable_path/Frameworks",
				);
				MARKETING_VERSION = 1.0;
				PRODUCT_BUNDLE_IDENTIFIER = smayah.AutismAppTeam20Test;
				PRODUCT_NAME = "$(TARGET_NAME)";
				SWIFT_EMIT_LOC_STRINGS = YES;
				SWIFT_VERSION = 5.0;
				TARGETED_DEVICE_FAMILY = "1,2";
			};
			name = Release;
		};
		5809F32B2D1C17DA00114D73 /* Debug */ = {
			isa = XCBuildConfiguration;
			buildSettings = {
				BUNDLE_LOADER = "$(TEST_HOST)";
				CODE_SIGN_STYLE = Automatic;
				CURRENT_PROJECT_VERSION = 1;
				DEVELOPMENT_TEAM = B3SPJ78Q6X;
				GENERATE_INFOPLIST_FILE = YES;
				IPHONEOS_DEPLOYMENT_TARGET = 18.2;
				MARKETING_VERSION = 1.0;
				PRODUCT_BUNDLE_IDENTIFIER = smayah.AutismAppTeam20TestTests;
				PRODUCT_NAME = "$(TARGET_NAME)";
				SWIFT_EMIT_LOC_STRINGS = NO;
				SWIFT_VERSION = 5.0;
				TARGETED_DEVICE_FAMILY = "1,2";
				TEST_HOST = "$(BUILT_PRODUCTS_DIR)/AutismAppTeam20Test.app/$(BUNDLE_EXECUTABLE_FOLDER_PATH)/AutismAppTeam20Test";
			};
			name = Debug;
		};
		5809F32C2D1C17DA00114D73 /* Release */ = {
			isa = XCBuildConfiguration;
			buildSettings = {
				BUNDLE_LOADER = "$(TEST_HOST)";
				CODE_SIGN_STYLE = Automatic;
				CURRENT_PROJECT_VERSION = 1;
				DEVELOPMENT_TEAM = B3SPJ78Q6X;
				GENERATE_INFOPLIST_FILE = YES;
				IPHONEOS_DEPLOYMENT_TARGET = 18.2;
				MARKETING_VERSION = 1.0;
				PRODUCT_BUNDLE_IDENTIFIER = smayah.AutismAppTeam20TestTests;
				PRODUCT_NAME = "$(TARGET_NAME)";
				SWIFT_EMIT_LOC_STRINGS = NO;
				SWIFT_VERSION = 5.0;
				TARGETED_DEVICE_FAMILY = "1,2";
				TEST_HOST = "$(BUILT_PRODUCTS_DIR)/AutismAppTeam20Test.app/$(BUNDLE_EXECUTABLE_FOLDER_PATH)/AutismAppTeam20Test";
			};
			name = Release;
		};
		5809F32E2D1C17DA00114D73 /* Debug */ = {
			isa = XCBuildConfiguration;
			buildSettings = {
				CODE_SIGN_STYLE = Automatic;
				CURRENT_PROJECT_VERSION = 1;
				DEVELOPMENT_TEAM = B3SPJ78Q6X;
				GENERATE_INFOPLIST_FILE = YES;
				MARKETING_VERSION = 1.0;
				PRODUCT_BUNDLE_IDENTIFIER = smayah.AutismAppTeam20TestUITests;
				PRODUCT_NAME = "$(TARGET_NAME)";
				SWIFT_EMIT_LOC_STRINGS = NO;
				SWIFT_VERSION = 5.0;
				TARGETED_DEVICE_FAMILY = "1,2";
				TEST_TARGET_NAME = AutismAppTeam20Test;
			};
			name = Debug;
		};
		5809F32F2D1C17DA00114D73 /* Release */ = {
			isa = XCBuildConfiguration;
			buildSettings = {
				CODE_SIGN_STYLE = Automatic;
				CURRENT_PROJECT_VERSION = 1;
				DEVELOPMENT_TEAM = B3SPJ78Q6X;
				GENERATE_INFOPLIST_FILE = YES;
				MARKETING_VERSION = 1.0;
				PRODUCT_BUNDLE_IDENTIFIER = smayah.AutismAppTeam20TestUITests;
				PRODUCT_NAME = "$(TARGET_NAME)";
				SWIFT_EMIT_LOC_STRINGS = NO;
				SWIFT_VERSION = 5.0;
				TARGETED_DEVICE_FAMILY = "1,2";
				TEST_TARGET_NAME = AutismAppTeam20Test;
			};
			name = Release;
		};
/* End XCBuildConfiguration section */

/* Begin XCConfigurationList section */
		5809F2FE2D1C17D900114D73 /* Build configuration list for PBXProject "AutismAppTeam20Test" */ = {
			isa = XCConfigurationList;
			buildConfigurations = (
				5809F3252D1C17DA00114D73 /* Debug */,
				5809F3262D1C17DA00114D73 /* Release */,
			);
			defaultConfigurationIsVisible = 0;
			defaultConfigurationName = Release;
		};
		5809F3272D1C17DA00114D73 /* Build configuration list for PBXNativeTarget "AutismAppTeam20Test" */ = {
			isa = XCConfigurationList;
			buildConfigurations = (
				5809F3282D1C17DA00114D73 /* Debug */,
				5809F3292D1C17DA00114D73 /* Release */,
			);
			defaultConfigurationIsVisible = 0;
			defaultConfigurationName = Release;
		};
		5809F32A2D1C17DA00114D73 /* Build configuration list for PBXNativeTarget "AutismAppTeam20TestTests" */ = {
			isa = XCConfigurationList;
			buildConfigurations = (
				5809F32B2D1C17DA00114D73 /* Debug */,
				5809F32C2D1C17DA00114D73 /* Release */,
			);
			defaultConfigurationIsVisible = 0;
			defaultConfigurationName = Release;
		};
		5809F32D2D1C17DA00114D73 /* Build configuration list for PBXNativeTarget "AutismAppTeam20TestUITests" */ = {
			isa = XCConfigurationList;
			buildConfigurations = (
				5809F32E2D1C17DA00114D73 /* Debug */,
				5809F32F2D1C17DA00114D73 /* Release */,
			);
			defaultConfigurationIsVisible = 0;
			defaultConfigurationName = Release;
		};
/* End XCConfigurationList section */
	};
	rootObject = 5809F2FB2D1C17D900114D73 /* Project object */;
}
